// !$*UTF8*$!
{
	archiveVersion = 1;
	classes = {
	};
	objectVersion = 46;
	objects = {

/* Begin PBXBuildFile section */
		5B4BF0F619BA37CD00B22E5B /* Foundation.framework in Frameworks */ = {isa = PBXBuildFile; fileRef = 5B4BF0F519BA37CD00B22E5B /* Foundation.framework */; };
		5B4BF0F819BA37CD00B22E5B /* CoreGraphics.framework in Frameworks */ = {isa = PBXBuildFile; fileRef = 5B4BF0F719BA37CD00B22E5B /* CoreGraphics.framework */; };
		5B4BF0FA19BA37CD00B22E5B /* UIKit.framework in Frameworks */ = {isa = PBXBuildFile; fileRef = 5B4BF0F919BA37CD00B22E5B /* UIKit.framework */; };
		5B4BF10019BA37CD00B22E5B /* InfoPlist.strings in Resources */ = {isa = PBXBuildFile; fileRef = 5B4BF0FE19BA37CD00B22E5B /* InfoPlist.strings */; };
		5B4BF10219BA37CD00B22E5B /* main.m in Sources */ = {isa = PBXBuildFile; fileRef = 5B4BF10119BA37CD00B22E5B /* main.m */; };
		5B4BF10619BA37CD00B22E5B /* ZZAppDelegate.m in Sources */ = {isa = PBXBuildFile; fileRef = 5B4BF10519BA37CD00B22E5B /* ZZAppDelegate.m */; };
		5B4BF10919BA37CD00B22E5B /* Main.storyboard in Resources */ = {isa = PBXBuildFile; fileRef = 5B4BF10719BA37CD00B22E5B /* Main.storyboard */; };
		5B4BF10C19BA37CD00B22E5B /* ZZViewController.m in Sources */ = {isa = PBXBuildFile; fileRef = 5B4BF10B19BA37CD00B22E5B /* ZZViewController.m */; };
		5B4BF10E19BA37CD00B22E5B /* Images.xcassets in Resources */ = {isa = PBXBuildFile; fileRef = 5B4BF10D19BA37CD00B22E5B /* Images.xcassets */; };
		5B4BF11519BA37CD00B22E5B /* XCTest.framework in Frameworks */ = {isa = PBXBuildFile; fileRef = 5B4BF11419BA37CD00B22E5B /* XCTest.framework */; };
		5B4BF11619BA37CD00B22E5B /* Foundation.framework in Frameworks */ = {isa = PBXBuildFile; fileRef = 5B4BF0F519BA37CD00B22E5B /* Foundation.framework */; };
		5B4BF11719BA37CD00B22E5B /* UIKit.framework in Frameworks */ = {isa = PBXBuildFile; fileRef = 5B4BF0F919BA37CD00B22E5B /* UIKit.framework */; };
		5B4BF11F19BA37CD00B22E5B /* InfoPlist.strings in Resources */ = {isa = PBXBuildFile; fileRef = 5B4BF11D19BA37CD00B22E5B /* InfoPlist.strings */; };
		5B4BF12119BA37CD00B22E5B /* b_eyenewTests.m in Sources */ = {isa = PBXBuildFile; fileRef = 5B4BF12019BA37CD00B22E5B /* b_eyenewTests.m */; };
/* End PBXBuildFile section */

/* Begin PBXContainerItemProxy section */
		5B4BF11819BA37CD00B22E5B /* PBXContainerItemProxy */ = {
			isa = PBXContainerItemProxy;
			containerPortal = 5B4BF0EA19BA37CD00B22E5B /* Project object */;
			proxyType = 1;
			remoteGlobalIDString = 5B4BF0F119BA37CD00B22E5B;
			remoteInfo = "b-eyenew";
		};
/* End PBXContainerItemProxy section */

/* Begin PBXFileReference section */
		5B4BF0F219BA37CD00B22E5B /* b-eyenew.app */ = {isa = PBXFileReference; explicitFileType = wrapper.application; includeInIndex = 0; path = "b-eyenew.app"; sourceTree = BUILT_PRODUCTS_DIR; };
		5B4BF0F519BA37CD00B22E5B /* Foundation.framework */ = {isa = PBXFileReference; lastKnownFileType = wrapper.framework; name = Foundation.framework; path = System/Library/Frameworks/Foundation.framework; sourceTree = SDKROOT; };
		5B4BF0F719BA37CD00B22E5B /* CoreGraphics.framework */ = {isa = PBXFileReference; lastKnownFileType = wrapper.framework; name = CoreGraphics.framework; path = System/Library/Frameworks/CoreGraphics.framework; sourceTree = SDKROOT; };
		5B4BF0F919BA37CD00B22E5B /* UIKit.framework */ = {isa = PBXFileReference; lastKnownFileType = wrapper.framework; name = UIKit.framework; path = System/Library/Frameworks/UIKit.framework; sourceTree = SDKROOT; };
		5B4BF0FD19BA37CD00B22E5B /* b-eyenew-Info.plist */ = {isa = PBXFileReference; lastKnownFileType = text.plist.xml; path = "b-eyenew-Info.plist"; sourceTree = "<group>"; };
		5B4BF0FF19BA37CD00B22E5B /* en */ = {isa = PBXFileReference; lastKnownFileType = text.plist.strings; name = en; path = en.lproj/InfoPlist.strings; sourceTree = "<group>"; };
		5B4BF10119BA37CD00B22E5B /* main.m */ = {isa = PBXFileReference; lastKnownFileType = sourcecode.c.objc; path = main.m; sourceTree = "<group>"; };
		5B4BF10319BA37CD00B22E5B /* b-eyenew-Prefix.pch */ = {isa = PBXFileReference; lastKnownFileType = sourcecode.c.h; path = "b-eyenew-Prefix.pch"; sourceTree = "<group>"; };
		5B4BF10419BA37CD00B22E5B /* ZZAppDelegate.h */ = {isa = PBXFileReference; lastKnownFileType = sourcecode.c.h; path = ZZAppDelegate.h; sourceTree = "<group>"; };
		5B4BF10519BA37CD00B22E5B /* ZZAppDelegate.m */ = {isa = PBXFileReference; lastKnownFileType = sourcecode.c.objc; path = ZZAppDelegate.m; sourceTree = "<group>"; };
		5B4BF10819BA37CD00B22E5B /* Base */ = {isa = PBXFileReference; lastKnownFileType = file.storyboard; name = Base; path = Base.lproj/Main.storyboard; sourceTree = "<group>"; };
		5B4BF10A19BA37CD00B22E5B /* ZZViewController.h */ = {isa = PBXFileReference; lastKnownFileType = sourcecode.c.h; path = ZZViewController.h; sourceTree = "<group>"; };
		5B4BF10B19BA37CD00B22E5B /* ZZViewController.m */ = {isa = PBXFileReference; lastKnownFileType = sourcecode.c.objc; path = ZZViewController.m; sourceTree = "<group>"; };
		5B4BF10D19BA37CD00B22E5B /* Images.xcassets */ = {isa = PBXFileReference; lastKnownFileType = folder.assetcatalog; path = Images.xcassets; sourceTree = "<group>"; };
		5B4BF11319BA37CD00B22E5B /* b-eyenewTests.xctest */ = {isa = PBXFileReference; explicitFileType = wrapper.cfbundle; includeInIndex = 0; path = "b-eyenewTests.xctest"; sourceTree = BUILT_PRODUCTS_DIR; };
		5B4BF11419BA37CD00B22E5B /* XCTest.framework */ = {isa = PBXFileReference; lastKnownFileType = wrapper.framework; name = XCTest.framework; path = Library/Frameworks/XCTest.framework; sourceTree = DEVELOPER_DIR; };
		5B4BF11C19BA37CD00B22E5B /* b-eyenewTests-Info.plist */ = {isa = PBXFileReference; lastKnownFileType = text.plist.xml; path = "b-eyenewTests-Info.plist"; sourceTree = "<group>"; };
		5B4BF11E19BA37CD00B22E5B /* en */ = {isa = PBXFileReference; lastKnownFileType = text.plist.strings; name = en; path = en.lproj/InfoPlist.strings; sourceTree = "<group>"; };
		5B4BF12019BA37CD00B22E5B /* b_eyenewTests.m */ = {isa = PBXFileReference; lastKnownFileType = sourcecode.c.objc; path = b_eyenewTests.m; sourceTree = "<group>"; };
/* End PBXFileReference section */

/* Begin PBXFrameworksBuildPhase section */
		5B4BF0EF19BA37CD00B22E5B /* Frameworks */ = {
			isa = PBXFrameworksBuildPhase;
			buildActionMask = 2147483647;
			files = (
				5B4BF0F819BA37CD00B22E5B /* CoreGraphics.framework in Frameworks */,
				5B4BF0FA19BA37CD00B22E5B /* UIKit.framework in Frameworks */,
				5B4BF0F619BA37CD00B22E5B /* Foundation.framework in Frameworks */,
			);
			runOnlyForDeploymentPostprocessing = 0;
		};
		5B4BF11019BA37CD00B22E5B /* Frameworks */ = {
			isa = PBXFrameworksBuildPhase;
			buildActionMask = 2147483647;
			files = (
				5B4BF11519BA37CD00B22E5B /* XCTest.framework in Frameworks */,
				5B4BF11719BA37CD00B22E5B /* UIKit.framework in Frameworks */,
				5B4BF11619BA37CD00B22E5B /* Foundation.framework in Frameworks */,
			);
			runOnlyForDeploymentPostprocessing = 0;
		};
/* End PBXFrameworksBuildPhase section */

/* Begin PBXGroup section */
		5B4BF0E919BA37CD00B22E5B = {
			isa = PBXGroup;
			children = (
				5B4BF0FB19BA37CD00B22E5B /* b-eyenew */,
				5B4BF11A19BA37CD00B22E5B /* b-eyenewTests */,
				5B4BF0F419BA37CD00B22E5B /* Frameworks */,
				5B4BF0F319BA37CD00B22E5B /* Products */,
			);
			sourceTree = "<group>";
		};
		5B4BF0F319BA37CD00B22E5B /* Products */ = {
			isa = PBXGroup;
			children = (
				5B4BF0F219BA37CD00B22E5B /* b-eyenew.app */,
				5B4BF11319BA37CD00B22E5B /* b-eyenewTests.xctest */,
			);
			name = Products;
			sourceTree = "<group>";
		};
		5B4BF0F419BA37CD00B22E5B /* Frameworks */ = {
			isa = PBXGroup;
			children = (
				5B4BF0F519BA37CD00B22E5B /* Foundation.framework */,
				5B4BF0F719BA37CD00B22E5B /* CoreGraphics.framework */,
				5B4BF0F919BA37CD00B22E5B /* UIKit.framework */,
				5B4BF11419BA37CD00B22E5B /* XCTest.framework */,
			);
			name = Frameworks;
			sourceTree = "<group>";
		};
		5B4BF0FB19BA37CD00B22E5B /* b-eyenew */ = {
			isa = PBXGroup;
			children = (
				5B4BF10419BA37CD00B22E5B /* ZZAppDelegate.h */,
				5B4BF10519BA37CD00B22E5B /* ZZAppDelegate.m */,
				5B4BF10719BA37CD00B22E5B /* Main.storyboard */,
				5B4BF10A19BA37CD00B22E5B /* ZZViewController.h */,
				5B4BF10B19BA37CD00B22E5B /* ZZViewController.m */,
				5B4BF10D19BA37CD00B22E5B /* Images.xcassets */,
				5B4BF0FC19BA37CD00B22E5B /* Supporting Files */,
			);
			path = "b-eyenew";
			sourceTree = "<group>";
		};
		5B4BF0FC19BA37CD00B22E5B /* Supporting Files */ = {
			isa = PBXGroup;
			children = (
				5B4BF0FD19BA37CD00B22E5B /* b-eyenew-Info.plist */,
				5B4BF0FE19BA37CD00B22E5B /* InfoPlist.strings */,
				5B4BF10119BA37CD00B22E5B /* main.m */,
				5B4BF10319BA37CD00B22E5B /* b-eyenew-Prefix.pch */,
			);
			name = "Supporting Files";
			sourceTree = "<group>";
		};
		5B4BF11A19BA37CD00B22E5B /* b-eyenewTests */ = {
			isa = PBXGroup;
			children = (
				5B4BF12019BA37CD00B22E5B /* b_eyenewTests.m */,
				5B4BF11B19BA37CD00B22E5B /* Supporting Files */,
			);
			path = "b-eyenewTests";
			sourceTree = "<group>";
		};
		5B4BF11B19BA37CD00B22E5B /* Supporting Files */ = {
			isa = PBXGroup;
			children = (
				5B4BF11C19BA37CD00B22E5B /* b-eyenewTests-Info.plist */,
				5B4BF11D19BA37CD00B22E5B /* InfoPlist.strings */,
			);
			name = "Supporting Files";
			sourceTree = "<group>";
		};
/* End PBXGroup section */

/* Begin PBXNativeTarget section */
		5B4BF0F119BA37CD00B22E5B /* b-eyenew */ = {
			isa = PBXNativeTarget;
			buildConfigurationList = 5B4BF12419BA37CD00B22E5B /* Build configuration list for PBXNativeTarget "b-eyenew" */;
			buildPhases = (
				5B4BF0EE19BA37CD00B22E5B /* Sources */,
				5B4BF0EF19BA37CD00B22E5B /* Frameworks */,
				5B4BF0F019BA37CD00B22E5B /* Resources */,
			);
			buildRules = (
			);
			dependencies = (
			);
			name = "b-eyenew";
			productName = "b-eyenew";
			productReference = 5B4BF0F219BA37CD00B22E5B /* b-eyenew.app */;
			productType = "com.apple.product-type.application";
		};
		5B4BF11219BA37CD00B22E5B /* b-eyenewTests */ = {
			isa = PBXNativeTarget;
			buildConfigurationList = 5B4BF12719BA37CD00B22E5B /* Build configuration list for PBXNativeTarget "b-eyenewTests" */;
			buildPhases = (
				5B4BF10F19BA37CD00B22E5B /* Sources */,
				5B4BF11019BA37CD00B22E5B /* Frameworks */,
				5B4BF11119BA37CD00B22E5B /* Resources */,
			);
			buildRules = (
			);
			dependencies = (
				5B4BF11919BA37CD00B22E5B /* PBXTargetDependency */,
			);
			name = "b-eyenewTests";
			productName = "b-eyenewTests";
			productReference = 5B4BF11319BA37CD00B22E5B /* b-eyenewTests.xctest */;
			productType = "com.apple.product-type.bundle.unit-test";
		};
/* End PBXNativeTarget section */

/* Begin PBXProject section */
		5B4BF0EA19BA37CD00B22E5B /* Project object */ = {
			isa = PBXProject;
			attributes = {
				CLASSPREFIX = ZZ;
				LastUpgradeCheck = 0510;
				ORGANIZATIONNAME = "Zehao Zhang";
				TargetAttributes = {
					5B4BF11219BA37CD00B22E5B = {
						TestTargetID = 5B4BF0F119BA37CD00B22E5B;
					};
				};
			};
			buildConfigurationList = 5B4BF0ED19BA37CD00B22E5B /* Build configuration list for PBXProject "b-eyenew" */;
			compatibilityVersion = "Xcode 3.2";
			developmentRegion = English;
			hasScannedForEncodings = 0;
			knownRegions = (
				en,
				Base,
			);
			mainGroup = 5B4BF0E919BA37CD00B22E5B;
			productRefGroup = 5B4BF0F319BA37CD00B22E5B /* Products */;
			projectDirPath = "";
			projectRoot = "";
			targets = (
				5B4BF0F119BA37CD00B22E5B /* b-eyenew */,
				5B4BF11219BA37CD00B22E5B /* b-eyenewTests */,
			);
		};
/* End PBXProject section */

/* Begin PBXResourcesBuildPhase section */
		5B4BF0F019BA37CD00B22E5B /* Resources */ = {
			isa = PBXResourcesBuildPhase;
			buildActionMask = 2147483647;
			files = (
				5B4BF10E19BA37CD00B22E5B /* Images.xcassets in Resources */,
				5B4BF10019BA37CD00B22E5B /* InfoPlist.strings in Resources */,
				5B4BF10919BA37CD00B22E5B /* Main.storyboard in Resources */,
			);
			runOnlyForDeploymentPostprocessing = 0;
		};
		5B4BF11119BA37CD00B22E5B /* Resources */ = {
			isa = PBXResourcesBuildPhase;
			buildActionMask = 2147483647;
			files = (
				5B4BF11F19BA37CD00B22E5B /* InfoPlist.strings in Resources */,
			);
			runOnlyForDeploymentPostprocessing = 0;
		};
/* End PBXResourcesBuildPhase section */

/* Begin PBXSourcesBuildPhase section */
		5B4BF0EE19BA37CD00B22E5B /* Sources */ = {
			isa = PBXSourcesBuildPhase;
			buildActionMask = 2147483647;
			files = (
				5B4BF10619BA37CD00B22E5B /* ZZAppDelegate.m in Sources */,
				5B4BF10219BA37CD00B22E5B /* main.m in Sources */,
				5B4BF10C19BA37CD00B22E5B /* ZZViewController.m in Sources */,
			);
			runOnlyForDeploymentPostprocessing = 0;
		};
		5B4BF10F19BA37CD00B22E5B /* Sources */ = {
			isa = PBXSourcesBuildPhase;
			buildActionMask = 2147483647;
			files = (
				5B4BF12119BA37CD00B22E5B /* b_eyenewTests.m in Sources */,
			);
			runOnlyForDeploymentPostprocessing = 0;
		};
/* End PBXSourcesBuildPhase section */

/* Begin PBXTargetDependency section */
		5B4BF11919BA37CD00B22E5B /* PBXTargetDependency */ = {
			isa = PBXTargetDependency;
			target = 5B4BF0F119BA37CD00B22E5B /* b-eyenew */;
			targetProxy = 5B4BF11819BA37CD00B22E5B /* PBXContainerItemProxy */;
		};
/* End PBXTargetDependency section */

/* Begin PBXVariantGroup section */
		5B4BF0FE19BA37CD00B22E5B /* InfoPlist.strings */ = {
			isa = PBXVariantGroup;
			children = (
				5B4BF0FF19BA37CD00B22E5B /* en */,
			);
			name = InfoPlist.strings;
			sourceTree = "<group>";
		};
		5B4BF10719BA37CD00B22E5B /* Main.storyboard */ = {
			isa = PBXVariantGroup;
			children = (
				5B4BF10819BA37CD00B22E5B /* Base */,
			);
			name = Main.storyboard;
			sourceTree = "<group>";
		};
		5B4BF11D19BA37CD00B22E5B /* InfoPlist.strings */ = {
			isa = PBXVariantGroup;
			children = (
				5B4BF11E19BA37CD00B22E5B /* en */,
			);
			name = InfoPlist.strings;
			sourceTree = "<group>";
		};
/* End PBXVariantGroup section */

/* Begin XCBuildConfiguration section */
		5B4BF12219BA37CD00B22E5B /* Debug */ = {
			isa = XCBuildConfiguration;
			buildSettings = {
				ALWAYS_SEARCH_USER_PATHS = NO;
				CLANG_CXX_LANGUAGE_STANDARD = "gnu++0x";
				CLANG_CXX_LIBRARY = "libc++";
				CLANG_ENABLE_MODULES = YES;
				CLANG_ENABLE_OBJC_ARC = YES;
				CLANG_WARN_BOOL_CONVERSION = YES;
				CLANG_WARN_CONSTANT_CONVERSION = YES;
				CLANG_WARN_DIRECT_OBJC_ISA_USAGE = YES_ERROR;
				CLANG_WARN_EMPTY_BODY = YES;
				CLANG_WARN_ENUM_CONVERSION = YES;
				CLANG_WARN_INT_CONVERSION = YES;
				CLANG_WARN_OBJC_ROOT_CLASS = YES_ERROR;
				CLANG_WARN__DUPLICATE_METHOD_MATCH = YES;
				"CODE_SIGN_IDENTITY[sdk=iphoneos*]" = "iPhone Developer";
				COPY_PHASE_STRIP = NO;
				GCC_C_LANGUAGE_STANDARD = gnu99;
				GCC_DYNAMIC_NO_PIC = NO;
				GCC_OPTIMIZATION_LEVEL = 0;
				GCC_PREPROCESSOR_DEFINITIONS = (
					"DEBUG=1",
					"$(inherited)",
				);
				GCC_SYMBOLS_PRIVATE_EXTERN = NO;
				GCC_WARN_64_TO_32_BIT_CONVERSION = YES;
				GCC_WARN_ABOUT_RETURN_TYPE = YES_ERROR;
				GCC_WARN_UNDECLARED_SELECTOR = YES;
				GCC_WARN_UNINITIALIZED_AUTOS = YES_AGGRESSIVE;
				GCC_WARN_UNUSED_FUNCTION = YES;
				GCC_WARN_UNUSED_VARIABLE = YES;
				IPHONEOS_DEPLOYMENT_TARGET = 7.1;
				ONLY_ACTIVE_ARCH = YES;
				SDKROOT = iphoneos;
			};
			name = Debug;
		};
		5B4BF12319BA37CD00B22E5B /* Release */ = {
			isa = XCBuildConfiguration;
			buildSettings = {
				ALWAYS_SEARCH_USER_PATHS = NO;
				CLANG_CXX_LANGUAGE_STANDARD = "gnu++0x";
				CLANG_CXX_LIBRARY = "libc++";
				CLANG_ENABLE_MODULES = YES;
				CLANG_ENABLE_OBJC_ARC = YES;
				CLANG_WARN_BOOL_CONVERSION = YES;
				CLANG_WARN_CONSTANT_CONVERSION = YES;
				CLANG_WARN_DIRECT_OBJC_ISA_USAGE = YES_ERROR;
				CLANG_WARN_EMPTY_BODY = YES;
				CLANG_WARN_ENUM_CONVERSION = YES;
				CLANG_WARN_INT_CONVERSION = YES;
				CLANG_WARN_OBJC_ROOT_CLASS = YES_ERROR;
				CLANG_WARN__DUPLICATE_METHOD_MATCH = YES;
				"CODE_SIGN_IDENTITY[sdk=iphoneos*]" = "iPhone Developer";
				COPY_PHASE_STRIP = YES;
				ENABLE_NS_ASSERTIONS = NO;
				GCC_C_LANGUAGE_STANDARD = gnu99;
				GCC_WARN_64_TO_32_BIT_CONVERSION = YES;
				GCC_WARN_ABOUT_RETURN_TYPE = YES_ERROR;
				GCC_WARN_UNDECLARED_SELECTOR = YES;
				GCC_WARN_UNINITIALIZED_AUTOS = YES_AGGRESSIVE;
				GCC_WARN_UNUSED_FUNCTION = YES;
				GCC_WARN_UNUSED_VARIABLE = YES;
				IPHONEOS_DEPLOYMENT_TARGET = 7.1;
				SDKROOT = iphoneos;
				VALIDATE_PRODUCT = YES;
			};
			name = Release;
		};
		5B4BF12519BA37CD00B22E5B /* Debug */ = {
			isa = XCBuildConfiguration;
			buildSettings = {
				ASSETCATALOG_COMPILER_APPICON_NAME = AppIcon;
				ASSETCATALOG_COMPILER_LAUNCHIMAGE_NAME = LaunchImage;
				GCC_PRECOMPILE_PREFIX_HEADER = YES;
				GCC_PREFIX_HEADER = "b-eyenew/b-eyenew-Prefix.pch";
				INFOPLIST_FILE = "b-eyenew/b-eyenew-Info.plist";
				PRODUCT_NAME = "$(TARGET_NAME)";
				WRAPPER_EXTENSION = app;
			};
			name = Debug;
		};
		5B4BF12619BA37CD00B22E5B /* Release */ = {
			isa = XCBuildConfiguration;
			buildSettings = {
				ASSETCATALOG_COMPILER_APPICON_NAME = AppIcon;
				ASSETCATALOG_COMPILER_LAUNCHIMAGE_NAME = LaunchImage;
				GCC_PRECOMPILE_PREFIX_HEADER = YES;
				GCC_PREFIX_HEADER = "b-eyenew/b-eyenew-Prefix.pch";
				INFOPLIST_FILE = "b-eyenew/b-eyenew-Info.plist";
				PRODUCT_NAME = "$(TARGET_NAME)";
				WRAPPER_EXTENSION = app;
			};
			name = Release;
		};
		5B4BF12819BA37CD00B22E5B /* Debug */ = {
			isa = XCBuildConfiguration;
			buildSettings = {
				BUNDLE_LOADER = "$(BUILT_PRODUCTS_DIR)/b-eyenew.app/b-eyenew";
				FRAMEWORK_SEARCH_PATHS = (
					"$(SDKROOT)/Developer/Library/Frameworks",
					"$(inherited)",
					"$(DEVELOPER_FRAMEWORKS_DIR)",
				);
				GCC_PRECOMPILE_PREFIX_HEADER = YES;
				GCC_PREFIX_HEADER = "b-eyenew/b-eyenew-Prefix.pch";
				GCC_PREPROCESSOR_DEFINITIONS = (
					"DEBUG=1",
					"$(inherited)",
				);
				INFOPLIST_FILE = "b-eyenewTests/b-eyenewTests-Info.plist";
				PRODUCT_NAME = "$(TARGET_NAME)";
				TEST_HOST = "$(BUNDLE_LOADER)";
				WRAPPER_EXTENSION = xctest;
			};
			name = Debug;
		};
		5B4BF12919BA37CD00B22E5B /* Release */ = {
			isa = XCBuildConfiguration;
			buildSettings = {
				BUNDLE_LOADER = "$(BUILT_PRODUCTS_DIR)/b-eyenew.app/b-eyenew";
				FRAMEWORK_SEARCH_PATHS = (
					"$(SDKROOT)/Developer/Library/Frameworks",
					"$(inherited)",
					"$(DEVELOPER_FRAMEWORKS_DIR)",
				);
				GCC_PRECOMPILE_PREFIX_HEADER = YES;
				GCC_PREFIX_HEADER = "b-eyenew/b-eyenew-Prefix.pch";
				INFOPLIST_FILE = "b-eyenewTests/b-eyenewTests-Info.plist";
				PRODUCT_NAME = "$(TARGET_NAME)";
				TEST_HOST = "$(BUNDLE_LOADER)";
				WRAPPER_EXTENSION = xctest;
			};
			name = Release;
		};
/* End XCBuildConfiguration section */

/* Begin XCConfigurationList section */
		5B4BF0ED19BA37CD00B22E5B /* Build configuration list for PBXProject "b-eyenew" */ = {
			isa = XCConfigurationList;
			buildConfigurations = (
				5B4BF12219BA37CD00B22E5B /* Debug */,
				5B4BF12319BA37CD00B22E5B /* Release */,
			);
			defaultConfigurationIsVisible = 0;
			defaultConfigurationName = Release;
		};
		5B4BF12419BA37CD00B22E5B /* Build configuration list for PBXNativeTarget "b-eyenew" */ = {
			isa = XCConfigurationList;
			buildConfigurations = (
				5B4BF12519BA37CD00B22E5B /* Debug */,
				5B4BF12619BA37CD00B22E5B /* Release */,
			);
			defaultConfigurationIsVisible = 0;
			defaultConfigurationName = Release;
		};
		5B4BF12719BA37CD00B22E5B /* Build configuration list for PBXNativeTarget "b-eyenewTests" */ = {
			isa = XCConfigurationList;
			buildConfigurations = (
				5B4BF12819BA37CD00B22E5B /* Debug */,
				5B4BF12919BA37CD00B22E5B /* Release */,
			);
			defaultConfigurationIsVisible = 0;
			defaultConfigurationName = Release;
		};
/* End XCConfigurationList section */
	};
	rootObject = 5B4BF0EA19BA37CD00B22E5B /* Project object */;
}
